
Microsoft Visual Studio Solution File, Format Version 12.00
# Visual Studio 15
VisualStudioVersion = 15.0.27004.2010
MinimumVisualStudioVersion = 10.0.40219.1
Project("{FAE04EC0-301F-11D3-BF4B-00C04F79EFBC}") = "FazHidraulicaCAD", "FazHidraulicaCAD\FazHidraulicaCAD.csproj", "{01819CB9-B5DC-43D0-9229-950158431AE6}"
EndProject
Global
	GlobalSection(SolutionConfigurationPlatforms) = preSolution
		Debug|Any CPU = Debug|Any CPU
		Release|Any CPU = Release|Any CPU
	EndGlobalSection
	GlobalSection(ProjectConfigurationPlatforms) = postSolution
		{01819CB9-B5DC-43D0-9229-950158431AE6}.Debug|Any CPU.ActiveCfg = Debug|Any CPU
		{01819CB9-B5DC-43D0-9229-950158431AE6}.Debug|Any CPU.Build.0 = Debug|Any CPU
		{01819CB9-B5DC-43D0-9229-950158431AE6}.Release|Any CPU.ActiveCfg = Release|Any CPU
		{01819CB9-B5DC-43D0-9229-950158431AE6}.Release|Any CPU.Build.0 = Release|Any CPU
	EndGlobalSection
	GlobalSection(SolutionProperties) = preSolution
		HideSolutionNode = FALSE
	EndGlobalSection
	GlobalSection(ExtensibilityGlobals) = postSolution
		SolutionGuid = {D55F5C9D-DC2F-4087-8B99-2A56605163E8}
	EndGlobalSection
EndGlobal
